
Microsoft Visual Studio Solution File, Format Version 12.00
# Visual Studio Version 17
VisualStudioVersion = 17.5.002.0
MinimumVisualStudioVersion = 10.0.40219.1
Project("{9A19103F-16F7-4668-BE54-9A1E7A4F7556}") = "first-csharp-", "first-csharp-.csproj", "{AD50847E-4070-4387-958A-BEB793B7FC01}"
EndProject
Global
	GlobalSection(SolutionConfigurationPlatforms) = preSolution
		Debug|Any CPU = Debug|Any CPU
		Release|Any CPU = Release|Any CPU
	EndGlobalSection
	GlobalSection(ProjectConfigurationPlatforms) = postSolution
		{AD50847E-4070-4387-958A-BEB793B7FC01}.Debug|Any CPU.ActiveCfg = Debug|Any CPU
		{AD50847E-4070-4387-958A-BEB793B7FC01}.Debug|Any CPU.Build.0 = Debug|Any CPU
		{AD50847E-4070-4387-958A-BEB793B7FC01}.Release|Any CPU.ActiveCfg = Release|Any CPU
		{AD50847E-4070-4387-958A-BEB793B7FC01}.Release|Any CPU.Build.0 = Release|Any CPU
	EndGlobalSection
	GlobalSection(SolutionProperties) = preSolution
		HideSolutionNode = FALSE
	EndGlobalSection
	GlobalSection(ExtensibilityGlobals) = postSolution
		SolutionGuid = {5DA7F8A4-3559-4439-B4B7-8FBBD851211F}
	EndGlobalSection
EndGlobal
